github.com/alecthomas/assert/v2 v2.6.0 h1:o3WJwILtexrEUk3cUVal3oiQY2tfgr/FHWiz/v2n4FU=
github.com/alecthomas/assert/v2 v2.6.0/go.mod h1:Bze95FyfUr7x34QZrjL+XP+0qgp/zg8yS+TtBj1WA3k=
github.com/alecthomas/kong v0.9.0 h1:G5diXxc85KvoV2f0ZRVuMsi45IrBgx9zDNGNj165aPA=
github.com/alecthomas/kong v0.9.0/go.mod h1:Y47y5gKfHp1hDc7CH7OeXgLIpp+Q2m1Ni0L5s3bI8Os=
github.com/alecthomas/repr v0.4.0 h1:GhI2A8MACjfegCPVq9f1FLvIBS+DrQ2KQBFZP1iFzXc=
github.com/alecthomas/repr v0.4.0/go.mod h1:Fr0507jx4eOXV7AlPV6AVZLYrLIuIeSOWtW57eE/O/4=
github.com/hexops/gotextdiff v1.0.3 h1:gitA9+qJrrTCsiCl7+kh75nPqQt1cx4ZkudSTLoUqJM=
github.com/hexops/gotextdiff v1.0.3/go.mod h1:pSWU5MAI3yDq+fZBTazCSJysOMbxWL1BSow5/V2vxeg=
kraftkit.sh v0.9.1 h1:X2XfWHwqtnZ/kvivzvm+odNyiii72M7GuPIBb+H+ydY=
kraftkit.sh v0.9.1/go.mod h1:iKtCTIj54QHmcjkylM2NElIG+EQeDNCvf0NWYwAd3mU=
kraftkit.sh v0.9.3-0.20240826115855-0208c45b9a6c h1:ic7P8lpy76xYscb4E+JbMxTxhoV5qVox8ov3i6BN0gg=
kraftkit.sh v0.9.3-0.20240826115855-0208c45b9a6c/go.mod h1:Mh5D54WWRRKJTRvwxE884wp/XKzBaWD/Y+Q87o7xUOM=
